
Microsoft Visual Studio Solution File, Format Version 12.00
# Visual Studio Version 17
VisualStudioVersion = 17.2.32616.157
MinimumVisualStudioVersion = 10.0.40219.1
Project("{FAE04EC0-301F-11D3-BF4B-00C04F79EFBC}") = "Replacord Gateway", "Replacord Gateway.csproj", "{1B951CE1-CB8D-4C7E-A1EB-B7B0B3AEAB45}"
EndProject
Global
	GlobalSection(SolutionConfigurationPlatforms) = preSolution
		Debug|Any CPU = Debug|Any CPU
		Release|Any CPU = Release|Any CPU
	EndGlobalSection
	GlobalSection(ProjectConfigurationPlatforms) = postSolution
		{1B951CE1-CB8D-4C7E-A1EB-B7B0B3AEAB45}.Debug|Any CPU.ActiveCfg = Debug|Any CPU
		{1B951CE1-CB8D-4C7E-A1EB-B7B0B3AEAB45}.Debug|Any CPU.Build.0 = Debug|Any CPU
		{1B951CE1-CB8D-4C7E-A1EB-B7B0B3AEAB45}.Release|Any CPU.ActiveCfg = Release|Any CPU
		{1B951CE1-CB8D-4C7E-A1EB-B7B0B3AEAB45}.Release|Any CPU.Build.0 = Release|Any CPU
	EndGlobalSection
	GlobalSection(SolutionProperties) = preSolution
		HideSolutionNode = FALSE
	EndGlobalSection
	GlobalSection(ExtensibilityGlobals) = postSolution
		SolutionGuid = {5D74C4C9-687B-4364-B3D6-DCA307AC8F7F}
	EndGlobalSection
EndGlobal
