
Microsoft Visual Studio Solution File, Format Version 12.00
# Visual Studio Version 17
VisualStudioVersion = 17.2.32616.157
MinimumVisualStudioVersion = 10.0.40219.1
Project("{FAE04EC0-301F-11D3-BF4B-00C04F79EFBC}") = "RpLibs", "RpLibs.csproj", "{452BAE89-D44C-4234-9863-002CCD218069}"
EndProject
Global
	GlobalSection(SolutionConfigurationPlatforms) = preSolution
		Debug|Any CPU = Debug|Any CPU
		Release|Any CPU = Release|Any CPU
	EndGlobalSection
	GlobalSection(ProjectConfigurationPlatforms) = postSolution
		{452BAE89-D44C-4234-9863-002CCD218069}.Debug|Any CPU.ActiveCfg = Debug|Any CPU
		{452BAE89-D44C-4234-9863-002CCD218069}.Debug|Any CPU.Build.0 = Debug|Any CPU
		{452BAE89-D44C-4234-9863-002CCD218069}.Release|Any CPU.ActiveCfg = Release|Any CPU
		{452BAE89-D44C-4234-9863-002CCD218069}.Release|Any CPU.Build.0 = Release|Any CPU
	EndGlobalSection
	GlobalSection(SolutionProperties) = preSolution
		HideSolutionNode = FALSE
	EndGlobalSection
	GlobalSection(ExtensibilityGlobals) = postSolution
		SolutionGuid = {88C82D72-98BD-47E1-A7F0-242692040F47}
	EndGlobalSection
EndGlobal
